
Microsoft Visual Studio Solution File, Format Version 12.00
# Visual Studio Version 17
VisualStudioVersion = 17.3.32901.215
MinimumVisualStudioVersion = 10.0.40219.1
Project("{FAE04EC0-301F-11D3-BF4B-00C04F79EFBC}") = "MenuMaster_Task", "MenuMaster_Task\MenuMaster_Task.csproj", "{D0713787-3A1E-4690-A540-558AE7C7A2FB}"
EndProject
Project("{FAE04EC0-301F-11D3-BF4B-00C04F79EFBC}") = "MenuMaster", "MenuMaster\MenuMaster.csproj", "{DA2AAB64-D246-4038-822D-60C76DA0CAAC}"
EndProject
Project("{FAE04EC0-301F-11D3-BF4B-00C04F79EFBC}") = "MenuMasterTests", "MenuMasterTests\MenuMasterTests.csproj", "{C452FD17-1D91-4712-9D4A-A402E230BFC3}"
EndProject
Global
	GlobalSection(SolutionConfigurationPlatforms) = preSolution
		Debug|Any CPU = Debug|Any CPU
		Release|Any CPU = Release|Any CPU
	EndGlobalSection
	GlobalSection(ProjectConfigurationPlatforms) = postSolution
		{D0713787-3A1E-4690-A540-558AE7C7A2FB}.Debug|Any CPU.ActiveCfg = Debug|Any CPU
		{D0713787-3A1E-4690-A540-558AE7C7A2FB}.Debug|Any CPU.Build.0 = Debug|Any CPU
		{D0713787-3A1E-4690-A540-558AE7C7A2FB}.Release|Any CPU.ActiveCfg = Release|Any CPU
		{D0713787-3A1E-4690-A540-558AE7C7A2FB}.Release|Any CPU.Build.0 = Release|Any CPU
		{DA2AAB64-D246-4038-822D-60C76DA0CAAC}.Debug|Any CPU.ActiveCfg = Debug|Any CPU
		{DA2AAB64-D246-4038-822D-60C76DA0CAAC}.Debug|Any CPU.Build.0 = Debug|Any CPU
		{DA2AAB64-D246-4038-822D-60C76DA0CAAC}.Release|Any CPU.ActiveCfg = Release|Any CPU
		{DA2AAB64-D246-4038-822D-60C76DA0CAAC}.Release|Any CPU.Build.0 = Release|Any CPU
		{C452FD17-1D91-4712-9D4A-A402E230BFC3}.Debug|Any CPU.ActiveCfg = Debug|Any CPU
		{C452FD17-1D91-4712-9D4A-A402E230BFC3}.Debug|Any CPU.Build.0 = Debug|Any CPU
		{C452FD17-1D91-4712-9D4A-A402E230BFC3}.Release|Any CPU.ActiveCfg = Release|Any CPU
		{C452FD17-1D91-4712-9D4A-A402E230BFC3}.Release|Any CPU.Build.0 = Release|Any CPU
	EndGlobalSection
	GlobalSection(SolutionProperties) = preSolution
		HideSolutionNode = FALSE
	EndGlobalSection
	GlobalSection(ExtensibilityGlobals) = postSolution
		SolutionGuid = {48D22026-B97C-49C3-9B09-8C5306014C4A}
	EndGlobalSection
EndGlobal
